version = 1
revision = 3
requires-python = ">=3.12"

[[package]]
name = "dotenv"
version = "0.9.9"
source = { registry = "https://pypi.org/simple" }
dependencies = [
    { name = "python-dotenv" },
]
wheels = [
    { url = "https://files.pythonhosted.org/packages/b2/b7/545d2c10c1fc15e48653c91efde329a790f2eecfbbf2bd16003b5db2bab0/dotenv-0.9.9-py2.py3-none-any.whl", hash = "sha256:29cf74a087b31dafdb5a446b6d7e11cbce8ed2741540e2339c69fbef92c94ce9", size = 1892, upload-time = "2025-02-19T22:15:01.647Z" },
]

[[package]]
name = "master-thesis"
version = "0.1.0"
source = { virtual = "." }
dependencies = [
    { name = "dotenv" },
    { name = "orjson" },
    { name = "ruff" },
]

[package.metadata]
requires-dist = [
    { name = "dotenv", specifier = ">=0.9.9" },
    { name = "orjson", specifier = ">=3.11.3" },
    { name = "ruff", specifier = ">=0.13.3" },
]

[[package]]
name = "orjson"
version = "3.11.3"
source = { registry = "https://pypi.org/simple" }
sdist = { url = "https://files.pythonhosted.org/packages/be/4d/8df5f83256a809c22c4d6792ce8d43bb503be0fb7a8e4da9025754b09658/orjson-3.11.3.tar.gz", hash = "sha256:1c0603b1d2ffcd43a411d64797a19556ef76958aef1c182f22dc30860152a98a", size = 5482394, upload-time = "2025-08-26T17:46:43.171Z" }
wheels = [
    { url = "https://files.pythonhosted.org/packages/3d/b0/a7edab2a00cdcb2688e1c943401cb3236323e7bfd2839815c6131a3742f4/orjson-3.11.3-cp312-cp312-macosx_10_15_x86_64.macosx_11_0_arm64.macosx_10_15_universal2.whl", hash = "sha256:8c752089db84333e36d754c4baf19c0e1437012242048439c7e80eb0e6426e3b", size = 238259, upload-time = "2025-08-26T17:45:15.093Z" },
    { url = "https://files.pythonhosted.org/packages/e1/c6/ff4865a9cc398a07a83342713b5932e4dc3cb4bf4bc04e8f83dedfc0d736/orjson-3.11.3-cp312-cp312-macosx_15_0_arm64.whl", hash = "sha256:9b8761b6cf04a856eb544acdd82fc594b978f12ac3602d6374a7edb9d86fd2c2", size = 127633, upload-time = "2025-08-26T17:45:16.417Z" },
    { url = "https://files.pythonhosted.org/packages/6e/e6/e00bea2d9472f44fe8794f523e548ce0ad51eb9693cf538a753a27b8bda4/orjson-3.11.3-cp312-cp312-manylinux_2_17_aarch64.manylinux2014_aarch64.whl", hash = "sha256:8b13974dc8ac6ba22feaa867fc19135a3e01a134b4f7c9c28162fed4d615008a", size = 123061, upload-time = "2025-08-26T17:45:17.673Z" },
    { url = "https://files.pythonhosted.org/packages/54/31/9fbb78b8e1eb3ac605467cb846e1c08d0588506028b37f4ee21f978a51d4/orjson-3.11.3-cp312-cp312-manylinux_2_17_armv7l.manylinux2014_armv7l.whl", hash = "sha256:f83abab5bacb76d9c821fd5c07728ff224ed0e52d7a71b7b3de822f3df04e15c", size = 127956, upload-time = "2025-08-26T17:45:19.172Z" },
    { url = "https://files.pythonhosted.org/packages/36/88/b0604c22af1eed9f98d709a96302006915cfd724a7ebd27d6dd11c22d80b/orjson-3.11.3-cp312-cp312-manylinux_2_17_i686.manylinux2014_i686.whl", hash = "sha256:e6fbaf48a744b94091a56c62897b27c31ee2da93d826aa5b207131a1e13d4064", size = 130790, upload-time = "2025-08-26T17:45:20.586Z" },
    { url = "https://files.pythonhosted.org/packages/0e/9d/1c1238ae9fffbfed51ba1e507731b3faaf6b846126a47e9649222b0fd06f/orjson-3.11.3-cp312-cp312-manylinux_2_17_ppc64le.manylinux2014_ppc64le.whl", hash = "sha256:bc779b4f4bba2847d0d2940081a7b6f7b5877e05408ffbb74fa1faf4a136c424", size = 132385, upload-time = "2025-08-26T17:45:22.036Z" },
    { url = "https://files.pythonhosted.org/packages/a3/b5/c06f1b090a1c875f337e21dd71943bc9d84087f7cdf8c6e9086902c34e42/orjson-3.11.3-cp312-cp312-manylinux_2_17_s390x.manylinux2014_s390x.whl", hash = "sha256:bd4b909ce4c50faa2192da6bb684d9848d4510b736b0611b6ab4020ea6fd2d23", size = 135305, upload-time = "2025-08-26T17:45:23.4Z" },
    { url = "https://files.pythonhosted.org/packages/a0/26/5f028c7d81ad2ebbf84414ba6d6c9cac03f22f5cd0d01eb40fb2d6a06b07/orjson-3.11.3-cp312-cp312-manylinux_2_17_x86_64.manylinux2014_x86_64.whl", hash = "sha256:524b765ad888dc5518bbce12c77c2e83dee1ed6b0992c1790cc5fb49bb4b6667", size = 132875, upload-time = "2025-08-26T17:45:25.182Z" },
    { url = "https://files.pythonhosted.org/packages/fe/d4/b8df70d9cfb56e385bf39b4e915298f9ae6c61454c8154a0f5fd7efcd42e/orjson-3.11.3-cp312-cp312-musllinux_1_2_aarch64.whl", hash = "sha256:84fd82870b97ae3cdcea9d8746e592b6d40e1e4d4527835fc520c588d2ded04f", size = 130940, upload-time = "2025-08-26T17:45:27.209Z" },
    { url = "https://files.pythonhosted.org/packages/da/5e/afe6a052ebc1a4741c792dd96e9f65bf3939d2094e8b356503b68d48f9f5/orjson-3.11.3-cp312-cp312-musllinux_1_2_armv7l.whl", hash = "sha256:fbecb9709111be913ae6879b07bafd4b0785b44c1eb5cac8ac76da048b3885a1", size = 403852, upload-time = "2025-08-26T17:45:28.478Z" },
    { url = "https://files.pythonhosted.org/packages/f8/90/7bbabafeb2ce65915e9247f14a56b29c9334003536009ef5b122783fe67e/orjson-3.11.3-cp312-cp312-musllinux_1_2_i686.whl", hash = "sha256:9dba358d55aee552bd868de348f4736ca5a4086d9a62e2bfbbeeb5629fe8b0cc", size = 146293, upload-time = "2025-08-26T17:45:29.86Z" },
    { url = "https://files.pythonhosted.org/packages/27/b3/2d703946447da8b093350570644a663df69448c9d9330e5f1d9cce997f20/orjson-3.11.3-cp312-cp312-musllinux_1_2_x86_64.whl", hash = "sha256:eabcf2e84f1d7105f84580e03012270c7e97ecb1fb1618bda395061b2a84a049", size = 135470, upload-time = "2025-08-26T17:45:31.243Z" },
    { url = "https://files.pythonhosted.org/packages/38/70/b14dcfae7aff0e379b0119c8a812f8396678919c431efccc8e8a0263e4d9/orjson-3.11.3-cp312-cp312-win32.whl", hash = "sha256:3782d2c60b8116772aea8d9b7905221437fdf53e7277282e8d8b07c220f96cca", size = 136248, upload-time = "2025-08-26T17:45:32.567Z" },
    { url = "https://files.pythonhosted.org/packages/35/b8/9e3127d65de7fff243f7f3e53f59a531bf6bb295ebe5db024c2503cc0726/orjson-3.11.3-cp312-cp312-win_amd64.whl", hash = "sha256:79b44319268af2eaa3e315b92298de9a0067ade6e6003ddaef72f8e0bedb94f1", size = 131437, upload-time = "2025-08-26T17:45:34.949Z" },
    { url = "https://files.pythonhosted.org/packages/51/92/a946e737d4d8a7fd84a606aba96220043dcc7d6988b9e7551f7f6d5ba5ad/orjson-3.11.3-cp312-cp312-win_arm64.whl", hash = "sha256:0e92a4e83341ef79d835ca21b8bd13e27c859e4e9e4d7b63defc6e58462a3710", size = 125978, upload-time = "2025-08-26T17:45:36.422Z" },
    { url = "https://files.pythonhosted.org/packages/fc/79/8932b27293ad35919571f77cb3693b5906cf14f206ef17546052a241fdf6/orjson-3.11.3-cp313-cp313-macosx_10_15_x86_64.macosx_11_0_arm64.macosx_10_15_universal2.whl", hash = "sha256:af40c6612fd2a4b00de648aa26d18186cd1322330bd3a3cc52f87c699e995810", size = 238127, upload-time = "2025-08-26T17:45:38.146Z" },
    { url = "https://files.pythonhosted.org/packages/1c/82/cb93cd8cf132cd7643b30b6c5a56a26c4e780c7a145db6f83de977b540ce/orjson-3.11.3-cp313-cp313-macosx_15_0_arm64.whl", hash = "sha256:9f1587f26c235894c09e8b5b7636a38091a9e6e7fe4531937534749c04face43", size = 127494, upload-time = "2025-08-26T17:45:39.57Z" },
    { url = "https://files.pythonhosted.org/packages/a4/b8/2d9eb181a9b6bb71463a78882bcac1027fd29cf62c38a40cc02fc11d3495/orjson-3.11.3-cp313-cp313-manylinux_2_17_aarch64.manylinux2014_aarch64.whl", hash = "sha256:61dcdad16da5bb486d7227a37a2e789c429397793a6955227cedbd7252eb5a27", size = 123017, upload-time = "2025-08-26T17:45:40.876Z" },
    { url = "https://files.pythonhosted.org/packages/b4/14/a0e971e72d03b509190232356d54c0f34507a05050bd026b8db2bf2c192c/orjson-3.11.3-cp313-cp313-manylinux_2_17_armv7l.manylinux2014_armv7l.whl", hash = "sha256:11c6d71478e2cbea0a709e8a06365fa63da81da6498a53e4c4f065881d21ae8f", size = 127898, upload-time = "2025-08-26T17:45:42.188Z" },
    { url = "https://files.pythonhosted.org/packages/8e/af/dc74536722b03d65e17042cc30ae586161093e5b1f29bccda24765a6ae47/orjson-3.11.3-cp313-cp313-manylinux_2_17_i686.manylinux2014_i686.whl", hash = "sha256:ff94112e0098470b665cb0ed06efb187154b63649403b8d5e9aedeb482b4548c", size = 130742, upload-time = "2025-08-26T17:45:43.511Z" },
    { url = "https://files.pythonhosted.org/packages/62/e6/7a3b63b6677bce089fe939353cda24a7679825c43a24e49f757805fc0d8a/orjson-3.11.3-cp313-cp313-manylinux_2_17_ppc64le.manylinux2014_ppc64le.whl", hash = "sha256:ae8b756575aaa2a855a75192f356bbda11a89169830e1439cfb1a3e1a6dde7be", size = 132377, upload-time = "2025-08-26T17:45:45.525Z" },
    { url = "https://files.pythonhosted.org/packages/fc/cd/ce2ab93e2e7eaf518f0fd15e3068b8c43216c8a44ed82ac2b79ce5cef72d/orjson-3.11.3-cp313-cp313-manylinux_2_17_s390x.manylinux2014_s390x.whl", hash = "sha256:c9416cc19a349c167ef76135b2fe40d03cea93680428efee8771f3e9fb66079d", size = 135313, upload-time = "2025-08-26T17:45:46.821Z" },
    { url = "https://files.pythonhosted.org/packages/d0/b4/f98355eff0bd1a38454209bbc73372ce351ba29933cb3e2eba16c04b9448/orjson-3.11.3-cp313-cp313-manylinux_2_17_x86_64.manylinux2014_x86_64.whl", hash = "sha256:b822caf5b9752bc6f246eb08124c3d12bf2175b66ab74bac2ef3bbf9221ce1b2", size = 132908, upload-time = "2025-08-26T17:45:48.126Z" },
    { url = "https://files.pythonhosted.org/packages/eb/92/8f5182d7bc2a1bed46ed960b61a39af8389f0ad476120cd99e67182bfb6d/orjson-3.11.3-cp313-cp313-musllinux_1_2_aarch64.whl", hash = "sha256:414f71e3bdd5573893bf5ecdf35c32b213ed20aa15536fe2f588f946c318824f", size = 130905, upload-time = "2025-08-26T17:45:49.414Z" },
    { url = "https://files.pythonhosted.org/packages/1a/60/c41ca753ce9ffe3d0f67b9b4c093bdd6e5fdb1bc53064f992f66bb99954d/orjson-3.11.3-cp313-cp313-musllinux_1_2_armv7l.whl", hash = "sha256:828e3149ad8815dc14468f36ab2a4b819237c155ee1370341b91ea4c8672d2ee", size = 403812, upload-time = "2025-08-26T17:45:51.085Z" },
    { url = "https://files.pythonhosted.org/packages/dd/13/e4a4f16d71ce1868860db59092e78782c67082a8f1dc06a3788aef2b41bc/orjson-3.11.3-cp313-cp313-musllinux_1_2_i686.whl", hash = "sha256:ac9e05f25627ffc714c21f8dfe3a579445a5c392a9c8ae7ba1d0e9fb5333f56e", size = 146277, upload-time = "2025-08-26T17:45:52.851Z" },
    { url = "https://files.pythonhosted.org/packages/8d/8b/bafb7f0afef9344754a3a0597a12442f1b85a048b82108ef2c956f53babd/orjson-3.11.3-cp313-cp313-musllinux_1_2_x86_64.whl", hash = "sha256:e44fbe4000bd321d9f3b648ae46e0196d21577cf66ae684a96ff90b1f7c93633", size = 135418, upload-time = "2025-08-26T17:45:54.806Z" },
    { url = "https://files.pythonhosted.org/packages/60/d4/bae8e4f26afb2c23bea69d2f6d566132584d1c3a5fe89ee8c17b718cab67/orjson-3.11.3-cp313-cp313-win32.whl", hash = "sha256:2039b7847ba3eec1f5886e75e6763a16e18c68a63efc4b029ddf994821e2e66b", size = 136216, upload-time = "2025-08-26T17:45:57.182Z" },
    { url = "https://files.pythonhosted.org/packages/88/76/224985d9f127e121c8cad882cea55f0ebe39f97925de040b75ccd4b33999/orjson-3.11.3-cp313-cp313-win_amd64.whl", hash = "sha256:29be5ac4164aa8bdcba5fa0700a3c9c316b411d8ed9d39ef8a882541bd452fae", size = 131362, upload-time = "2025-08-26T17:45:58.56Z" },
    { url = "https://files.pythonhosted.org/packages/e2/cf/0dce7a0be94bd36d1346be5067ed65ded6adb795fdbe3abd234c8d576d01/orjson-3.11.3-cp313-cp313-win_arm64.whl", hash = "sha256:18bd1435cb1f2857ceb59cfb7de6f92593ef7b831ccd1b9bfb28ca530e539dce", size = 125989, upload-time = "2025-08-26T17:45:59.95Z" },
    { url = "https://files.pythonhosted.org/packages/ef/77/d3b1fef1fc6aaeed4cbf3be2b480114035f4df8fa1a99d2dac1d40d6e924/orjson-3.11.3-cp314-cp314-macosx_10_15_x86_64.macosx_11_0_arm64.macosx_10_15_universal2.whl", hash = "sha256:cf4b81227ec86935568c7edd78352a92e97af8da7bd70bdfdaa0d2e0011a1ab4", size = 238115, upload-time = "2025-08-26T17:46:01.669Z" },
    { url = "https://files.pythonhosted.org/packages/e4/6d/468d21d49bb12f900052edcfbf52c292022d0a323d7828dc6376e6319703/orjson-3.11.3-cp314-cp314-macosx_15_0_arm64.whl", hash = "sha256:bc8bc85b81b6ac9fc4dae393a8c159b817f4c2c9dee5d12b773bddb3b95fc07e", size = 127493, upload-time = "2025-08-26T17:46:03.466Z" },
    { url = "https://files.pythonhosted.org/packages/67/46/1e2588700d354aacdf9e12cc2d98131fb8ac6f31ca65997bef3863edb8ff/orjson-3.11.3-cp314-cp314-manylinux_2_34_aarch64.whl", hash = "sha256:88dcfc514cfd1b0de038443c7b3e6a9797ffb1b3674ef1fd14f701a13397f82d", size = 122998, upload-time = "2025-08-26T17:46:04.803Z" },
    { url = "https://files.pythonhosted.org/packages/3b/94/11137c9b6adb3779f1b34fd98be51608a14b430dbc02c6d41134fbba484c/orjson-3.11.3-cp314-cp314-manylinux_2_34_x86_64.whl", hash = "sha256:d61cd543d69715d5fc0a690c7c6f8dcc307bc23abef9738957981885f5f38229", size = 132915, upload-time = "2025-08-26T17:46:06.237Z" },
    { url = "https://files.pythonhosted.org/packages/10/61/dccedcf9e9bcaac09fdabe9eaee0311ca92115699500efbd31950d878833/orjson-3.11.3-cp314-cp314-musllinux_1_2_aarch64.whl", hash = "sha256:2b7b153ed90ababadbef5c3eb39549f9476890d339cf47af563aea7e07db2451", size = 130907, upload-time = "2025-08-26T17:46:07.581Z" },
    { url = "https://files.pythonhosted.org/packages/0e/fd/0e935539aa7b08b3ca0f817d73034f7eb506792aae5ecc3b7c6e679cdf5f/orjson-3.11.3-cp314-cp314-musllinux_1_2_armv7l.whl", hash = "sha256:7909ae2460f5f494fecbcd10613beafe40381fd0316e35d6acb5f3a05bfda167", size = 403852, upload-time = "2025-08-26T17:46:08.982Z" },
    { url = "https://files.pythonhosted.org/packages/4a/2b/50ae1a5505cd1043379132fdb2adb8a05f37b3e1ebffe94a5073321966fd/orjson-3.11.3-cp314-cp314-musllinux_1_2_i686.whl", hash = "sha256:2030c01cbf77bc67bee7eef1e7e31ecf28649353987775e3583062c752da0077", size = 146309, upload-time = "2025-08-26T17:46:10.576Z" },
    { url = "https://files.pythonhosted.org/packages/cd/1d/a473c158e380ef6f32753b5f39a69028b25ec5be331c2049a2201bde2e19/orjson-3.11.3-cp314-cp314-musllinux_1_2_x86_64.whl", hash = "sha256:a0169ebd1cbd94b26c7a7ad282cf5c2744fce054133f959e02eb5265deae1872", size = 135424, upload-time = "2025-08-26T17:46:12.386Z" },
    { url = "https://files.pythonhosted.org/packages/da/09/17d9d2b60592890ff7382e591aa1d9afb202a266b180c3d4049b1ec70e4a/orjson-3.11.3-cp314-cp314-win32.whl", hash = "sha256:0c6d7328c200c349e3a4c6d8c83e0a5ad029bdc2d417f234152bf34842d0fc8d", size = 136266, upload-time = "2025-08-26T17:46:13.853Z" },
    { url = "https://files.pythonhosted.org/packages/15/58/358f6846410a6b4958b74734727e582ed971e13d335d6c7ce3e47730493e/orjson-3.11.3-cp314-cp314-win_amd64.whl", hash = "sha256:317bbe2c069bbc757b1a2e4105b64aacd3bc78279b66a6b9e51e846e4809f804", size = 131351, upload-time = "2025-08-26T17:46:15.27Z" },
    { url = "https://files.pythonhosted.org/packages/28/01/d6b274a0635be0468d4dbd9cafe80c47105937a0d42434e805e67cd2ed8b/orjson-3.11.3-cp314-cp314-win_arm64.whl", hash = "sha256:e8f6a7a27d7b7bec81bd5924163e9af03d49bbb63013f107b48eb5d16db711bc", size = 125985, upload-time = "2025-08-26T17:46:16.67Z" },
]

[[package]]
name = "python-dotenv"
version = "1.1.1"
source = { registry = "https://pypi.org/simple" }
sdist = { url = "https://files.pythonhosted.org/packages/f6/b0/4bc07ccd3572a2f9df7e6782f52b0c6c90dcbb803ac4a167702d7d0dfe1e/python_dotenv-1.1.1.tar.gz", hash = "sha256:a8a6399716257f45be6a007360200409fce5cda2661e3dec71d23dc15f6189ab", size = 41978, upload-time = "2025-06-24T04:21:07.341Z" }
wheels = [
    { url = "https://files.pythonhosted.org/packages/5f/ed/539768cf28c661b5b068d66d96a2f155c4971a5d55684a514c1a0e0dec2f/python_dotenv-1.1.1-py3-none-any.whl", hash = "sha256:31f23644fe2602f88ff55e1f5c79ba497e01224ee7737937930c448e4d0e24dc", size = 20556, upload-time = "2025-06-24T04:21:06.073Z" },
]

[[package]]
name = "ruff"
version = "0.13.3"
source = { registry = "https://pypi.org/simple" }
sdist = { url = "https://files.pythonhosted.org/packages/c7/8e/f9f9ca747fea8e3ac954e3690d4698c9737c23b51731d02df999c150b1c9/ruff-0.13.3.tar.gz", hash = "sha256:5b0ba0db740eefdfbcce4299f49e9eaefc643d4d007749d77d047c2bab19908e", size = 5438533, upload-time = "2025-10-02T19:29:31.582Z" }
wheels = [
    { url = "https://files.pythonhosted.org/packages/d2/33/8f7163553481466a92656d35dea9331095122bb84cf98210bef597dd2ecd/ruff-0.13.3-py3-none-linux_armv6l.whl", hash = "sha256:311860a4c5e19189c89d035638f500c1e191d283d0cc2f1600c8c80d6dcd430c", size = 12484040, upload-time = "2025-10-02T19:28:49.199Z" },
    { url = "https://files.pythonhosted.org/packages/b0/b5/4a21a4922e5dd6845e91896b0d9ef493574cbe061ef7d00a73c61db531af/ruff-0.13.3-py3-none-macosx_10_12_x86_64.whl", hash = "sha256:2bdad6512fb666b40fcadb65e33add2b040fc18a24997d2e47fee7d66f7fcae2", size = 13122975, upload-time = "2025-10-02T19:28:52.446Z" },
    { url = "https://files.pythonhosted.org/packages/40/90/15649af836d88c9f154e5be87e64ae7d2b1baa5a3ef317cb0c8fafcd882d/ruff-0.13.3-py3-none-macosx_11_0_arm64.whl", hash = "sha256:fc6fa4637284708d6ed4e5e970d52fc3b76a557d7b4e85a53013d9d201d93286", size = 12346621, upload-time = "2025-10-02T19:28:54.712Z" },
    { url = "https://files.pythonhosted.org/packages/a5/42/bcbccb8141305f9a6d3f72549dd82d1134299177cc7eaf832599700f95a7/ruff-0.13.3-py3-none-manylinux_2_17_aarch64.manylinux2014_aarch64.whl", hash = "sha256:1c9e6469864f94a98f412f20ea143d547e4c652f45e44f369d7b74ee78185838", size = 12574408, upload-time = "2025-10-02T19:28:56.679Z" },
    { url = "https://files.pythonhosted.org/packages/ce/19/0f3681c941cdcfa2d110ce4515624c07a964dc315d3100d889fcad3bfc9e/ruff-0.13.3-py3-none-manylinux_2_17_armv7l.manylinux2014_armv7l.whl", hash = "sha256:5bf62b705f319476c78891e0e97e965b21db468b3c999086de8ffb0d40fd2822", size = 12285330, upload-time = "2025-10-02T19:28:58.79Z" },
    { url = "https://files.pythonhosted.org/packages/10/f8/387976bf00d126b907bbd7725219257feea58650e6b055b29b224d8cb731/ruff-0.13.3-py3-none-manylinux_2_17_i686.manylinux2014_i686.whl", hash = "sha256:78cc1abed87ce40cb07ee0667ce99dbc766c9f519eabfd948ed87295d8737c60", size = 13980815, upload-time = "2025-10-02T19:29:01.577Z" },
    { url = "https://files.pythonhosted.org/packages/0c/a6/7c8ec09d62d5a406e2b17d159e4817b63c945a8b9188a771193b7e1cc0b5/ruff-0.13.3-py3-none-manylinux_2_17_ppc64.manylinux2014_ppc64.whl", hash = "sha256:4fb75e7c402d504f7a9a259e0442b96403fa4a7310ffe3588d11d7e170d2b1e3", size = 14987733, upload-time = "2025-10-02T19:29:04.036Z" },
    { url = "https://files.pythonhosted.org/packages/97/e5/f403a60a12258e0fd0c2195341cfa170726f254c788673495d86ab5a9a9d/ruff-0.13.3-py3-none-manylinux_2_17_ppc64le.manylinux2014_ppc64le.whl", hash = "sha256:17b951f9d9afb39330b2bdd2dd144ce1c1335881c277837ac1b50bfd99985ed3", size = 14439848, upload-time = "2025-10-02T19:29:06.684Z" },
    { url = "https://files.pythonhosted.org/packages/39/49/3de381343e89364c2334c9f3268b0349dc734fc18b2d99a302d0935c8345/ruff-0.13.3-py3-none-manylinux_2_17_s390x.manylinux2014_s390x.whl", hash = "sha256:6052f8088728898e0a449f0dde8fafc7ed47e4d878168b211977e3e7e854f662", size = 13421890, upload-time = "2025-10-02T19:29:08.767Z" },
    { url = "https://files.pythonhosted.org/packages/ab/b5/c0feca27d45ae74185a6bacc399f5d8920ab82df2d732a17213fb86a2c4c/ruff-0.13.3-py3-none-manylinux_2_17_x86_64.manylinux2014_x86_64.whl", hash = "sha256:dc742c50f4ba72ce2a3be362bd359aef7d0d302bf7637a6f942eaa763bd292af", size = 13444870, upload-time = "2025-10-02T19:29:11.234Z" },
    { url = "https://files.pythonhosted.org/packages/50/a1/b655298a1f3fda4fdc7340c3f671a4b260b009068fbeb3e4e151e9e3e1bf/ruff-0.13.3-py3-none-manylinux_2_31_riscv64.whl", hash = "sha256:8e5640349493b378431637019366bbd73c927e515c9c1babfea3e932f5e68e1d", size = 13691599, upload-time = "2025-10-02T19:29:13.353Z" },
    { url = "https://files.pythonhosted.org/packages/32/b0/a8705065b2dafae007bcae21354e6e2e832e03eb077bb6c8e523c2becb92/ruff-0.13.3-py3-none-musllinux_1_2_aarch64.whl", hash = "sha256:6b139f638a80eae7073c691a5dd8d581e0ba319540be97c343d60fb12949c8d0", size = 12421893, upload-time = "2025-10-02T19:29:15.668Z" },
    { url = "https://files.pythonhosted.org/packages/0d/1e/cbe7082588d025cddbb2f23e6dfef08b1a2ef6d6f8328584ad3015b5cebd/ruff-0.13.3-py3-none-musllinux_1_2_armv7l.whl", hash = "sha256:6b547def0a40054825de7cfa341039ebdfa51f3d4bfa6a0772940ed351d2746c", size = 12267220, upload-time = "2025-10-02T19:29:17.583Z" },
    { url = "https://files.pythonhosted.org/packages/a5/99/4086f9c43f85e0755996d09bdcb334b6fee9b1eabdf34e7d8b877fadf964/ruff-0.13.3-py3-none-musllinux_1_2_i686.whl", hash = "sha256:9cc48a3564423915c93573f1981d57d101e617839bef38504f85f3677b3a0a3e", size = 13177818, upload-time = "2025-10-02T19:29:19.943Z" },
    { url = "https://files.pythonhosted.org/packages/9b/de/7b5db7e39947d9dc1c5f9f17b838ad6e680527d45288eeb568e860467010/ruff-0.13.3-py3-none-musllinux_1_2_x86_64.whl", hash = "sha256:1a993b17ec03719c502881cb2d5f91771e8742f2ca6de740034433a97c561989", size = 13618715, upload-time = "2025-10-02T19:29:22.527Z" },
    { url = "https://files.pythonhosted.org/packages/28/d3/bb25ee567ce2f61ac52430cf99f446b0e6d49bdfa4188699ad005fdd16aa/ruff-0.13.3-py3-none-win32.whl", hash = "sha256:f14e0d1fe6460f07814d03c6e32e815bff411505178a1f539a38f6097d3e8ee3", size = 12334488, upload-time = "2025-10-02T19:29:24.782Z" },
    { url = "https://files.pythonhosted.org/packages/cf/49/12f5955818a1139eed288753479ba9d996f6ea0b101784bb1fe6977ec128/ruff-0.13.3-py3-none-win_amd64.whl", hash = "sha256:621e2e5812b691d4f244638d693e640f188bacbb9bc793ddd46837cea0503dd2", size = 13455262, upload-time = "2025-10-02T19:29:26.882Z" },
    { url = "https://files.pythonhosted.org/packages/fe/72/7b83242b26627a00e3af70d0394d68f8f02750d642567af12983031777fc/ruff-0.13.3-py3-none-win_arm64.whl", hash = "sha256:9e9e9d699841eaf4c2c798fa783df2fabc680b72059a02ca0ed81c460bc58330", size = 12538484, upload-time = "2025-10-02T19:29:28.951Z" },
]
